
Microsoft Visual Studio Solution File, Format Version 12.00
# Visual Studio Version 17
VisualStudioVersion = 17.7.34202.233
MinimumVisualStudioVersion = 10.0.40219.1
Project("{FAE04EC0-301F-11D3-BF4B-00C04F79EFBC}") = "ikili sayi onlu sayiya dönüştürme", "ikili sayi onlu sayiya dönüştürme\ikili sayi onlu sayiya dönüştürme.csproj", "{7667237F-D4B8-4477-93AE-61E58300EF6F}"
EndProject
Global
	GlobalSection(SolutionConfigurationPlatforms) = preSolution
		Debug|Any CPU = Debug|Any CPU
		Release|Any CPU = Release|Any CPU
	EndGlobalSection
	GlobalSection(ProjectConfigurationPlatforms) = postSolution
		{7667237F-D4B8-4477-93AE-61E58300EF6F}.Debug|Any CPU.ActiveCfg = Debug|Any CPU
		{7667237F-D4B8-4477-93AE-61E58300EF6F}.Debug|Any CPU.Build.0 = Debug|Any CPU
		{7667237F-D4B8-4477-93AE-61E58300EF6F}.Release|Any CPU.ActiveCfg = Release|Any CPU
		{7667237F-D4B8-4477-93AE-61E58300EF6F}.Release|Any CPU.Build.0 = Release|Any CPU
	EndGlobalSection
	GlobalSection(SolutionProperties) = preSolution
		HideSolutionNode = FALSE
	EndGlobalSection
	GlobalSection(ExtensibilityGlobals) = postSolution
		SolutionGuid = {5C6CF595-6187-4160-B026-0CFF8D6DD782}
	EndGlobalSection
EndGlobal
